
Microsoft Visual Studio Solution File, Format Version 12.00
# Visual Studio Version 17
VisualStudioVersion = 17.6.33801.468
MinimumVisualStudioVersion = 10.0.40219.1
Project("{FAE04EC0-301F-11D3-BF4B-00C04F79EFBC}") = "SipMaui", "SipMaui.csproj", "{3E14850B-864B-441D-ABEF-1E7317A2FB7A}"
EndProject
Global
	GlobalSection(SolutionConfigurationPlatforms) = preSolution
		Debug|Any CPU = Debug|Any CPU
		Release|Any CPU = Release|Any CPU
	EndGlobalSection
	GlobalSection(ProjectConfigurationPlatforms) = postSolution
		{3E14850B-864B-441D-ABEF-1E7317A2FB7A}.Debug|Any CPU.ActiveCfg = Debug|Any CPU
		{3E14850B-864B-441D-ABEF-1E7317A2FB7A}.Debug|Any CPU.Build.0 = Debug|Any CPU
		{3E14850B-864B-441D-ABEF-1E7317A2FB7A}.Release|Any CPU.ActiveCfg = Release|Any CPU
		{3E14850B-864B-441D-ABEF-1E7317A2FB7A}.Release|Any CPU.Build.0 = Release|Any CPU
	EndGlobalSection
	GlobalSection(SolutionProperties) = preSolution
		HideSolutionNode = FALSE
	EndGlobalSection
	GlobalSection(ExtensibilityGlobals) = postSolution
		SolutionGuid = {C8EAC3F7-2B9F-4502-B86A-A7AE5CA9E655}
	EndGlobalSection
EndGlobal
